
Microsoft Visual Studio Solution File, Format Version 12.00
# Visual Studio Version 17
VisualStudioVersion = 17.3.32611.2
MinimumVisualStudioVersion = 10.0.40219.1
Project("{FAE04EC0-301F-11D3-BF4B-00C04F79EFBC}") = "MoviesApi", "MoviesApi\MoviesApi.csproj", "{FA5D1048-8B06-45D7-9A39-40AD15FCE71E}"
EndProject
Global
	GlobalSection(SolutionConfigurationPlatforms) = preSolution
		Debug|Any CPU = Debug|Any CPU
		Release|Any CPU = Release|Any CPU
	EndGlobalSection
	GlobalSection(ProjectConfigurationPlatforms) = postSolution
		{FA5D1048-8B06-45D7-9A39-40AD15FCE71E}.Debug|Any CPU.ActiveCfg = Debug|Any CPU
		{FA5D1048-8B06-45D7-9A39-40AD15FCE71E}.Debug|Any CPU.Build.0 = Debug|Any CPU
		{FA5D1048-8B06-45D7-9A39-40AD15FCE71E}.Release|Any CPU.ActiveCfg = Release|Any CPU
		{FA5D1048-8B06-45D7-9A39-40AD15FCE71E}.Release|Any CPU.Build.0 = Release|Any CPU
	EndGlobalSection
	GlobalSection(SolutionProperties) = preSolution
		HideSolutionNode = FALSE
	EndGlobalSection
	GlobalSection(ExtensibilityGlobals) = postSolution
		SolutionGuid = {B2315EEE-BFE9-4A06-BAF2-E03C47CA5FAB}
	EndGlobalSection
EndGlobal
